// !$*UTF8*$!
{
	archiveVersion = 1;
	classes = {
	};
	objectVersion = 50;
	objects = {

/* Begin PBXBuildFile section */
		D608674B23E200850013044A /* SpotAdditionalParametersViewController.swift in Sources */ = {isa = PBXBuildFile; fileRef = D608674A23E200850013044A /* SpotAdditionalParametersViewController.swift */; };
		D60EC82A23D0F39500D81289 /* SpotParameterView.swift in Sources */ = {isa = PBXBuildFile; fileRef = D60EC82923D0F39500D81289 /* SpotParameterView.swift */; };
		D60F251F23CF9FC700C4570B /* CardView.swift in Sources */ = {isa = PBXBuildFile; fileRef = D60F251E23CF9FC700C4570B /* CardView.swift */; };
		D6302EA023F067700041531A /* UITextFieldExt.swift in Sources */ = {isa = PBXBuildFile; fileRef = D6302E9F23F067700041531A /* UITextFieldExt.swift */; };
		D6310FA1240D89E7004733A2 /* ConvectotParametersView.swift in Sources */ = {isa = PBXBuildFile; fileRef = D6310FA0240D89E7004733A2 /* ConvectotParametersView.swift */; };
		D639840C23D4A37100C02F43 /* ValueSelectionView.swift in Sources */ = {isa = PBXBuildFile; fileRef = D639840B23D4A37100C02F43 /* ValueSelectionView.swift */; };
		D6434D99244C38210047A9F0 /* ConvectorWeeklyProgrammingView.swift in Sources */ = {isa = PBXBuildFile; fileRef = D6434D98244C38210047A9F0 /* ConvectorWeeklyProgrammingView.swift */; };
		D6434D9B244C52C60047A9F0 /* ConvectorSleepView.swift in Sources */ = {isa = PBXBuildFile; fileRef = D6434D9A244C52C60047A9F0 /* ConvectorSleepView.swift */; };
		D6434DA2244C56500047A9F0 /* CLDateTimeField.swift in Sources */ = {isa = PBXBuildFile; fileRef = D6434D9D244C56500047A9F0 /* CLDateTimeField.swift */; };
		D6434DA3244C56500047A9F0 /* CLDateTimePickerViewController.swift in Sources */ = {isa = PBXBuildFile; fileRef = D6434D9E244C56500047A9F0 /* CLDateTimePickerViewController.swift */; };
		D6434DA4244C56500047A9F0 /* CLDatePickerResources.xcassets in Resources */ = {isa = PBXBuildFile; fileRef = D6434D9F244C56500047A9F0 /* CLDatePickerResources.xcassets */; };
		D6434DA5244C56500047A9F0 /* CLCalendarView.swift in Sources */ = {isa = PBXBuildFile; fileRef = D6434DA0244C56500047A9F0 /* CLCalendarView.swift */; };
		D6434DA6244C56500047A9F0 /* CLDateTimePickerView.swift in Sources */ = {isa = PBXBuildFile; fileRef = D6434DA1244C56500047A9F0 /* CLDateTimePickerView.swift */; };
		D6434DA8244C57750047A9F0 /* Extensions.swift in Sources */ = {isa = PBXBuildFile; fileRef = D6434DA7244C57750047A9F0 /* Extensions.swift */; };
		D6434DAA244C605D0047A9F0 /* RegulatorCellView.swift in Sources */ = {isa = PBXBuildFile; fileRef = D6434DA9244C605D0047A9F0 /* RegulatorCellView.swift */; };
		D6611D2224557E5200A4EA73 /* SpotAddingHelperViewController.swift in Sources */ = {isa = PBXBuildFile; fileRef = D6611D2124557E5200A4EA73 /* SpotAddingHelperViewController.swift */; };
		D674F1B523335A17009D2D4C /* PingConfiguration.swift in Sources */ = {isa = PBXBuildFile; fileRef = D674F1B023335A17009D2D4C /* PingConfiguration.swift */; };
		D674F1B623335A17009D2D4C /* SwiftPing.swift in Sources */ = {isa = PBXBuildFile; fileRef = D674F1B123335A17009D2D4C /* SwiftPing.swift */; };
		D674F1B723335A17009D2D4C /* Shared.swift in Sources */ = {isa = PBXBuildFile; fileRef = D674F1B223335A17009D2D4C /* Shared.swift */; };
		D674F1B823335A17009D2D4C /* ICMP.swift in Sources */ = {isa = PBXBuildFile; fileRef = D674F1B323335A17009D2D4C /* ICMP.swift */; };
		D674F1B923335A17009D2D4C /* PingResponse.swift in Sources */ = {isa = PBXBuildFile; fileRef = D674F1B423335A17009D2D4C /* PingResponse.swift */; };
		D674F1BE23336C4F009D2D4C /* BDHost.m in Sources */ = {isa = PBXBuildFile; fileRef = D674F1BD23336C4F009D2D4C /* BDHost.m */; };
		D67944242406F21D00863E39 /* ConvectorViewController.swift in Sources */ = {isa = PBXBuildFile; fileRef = D67944232406F21D00863E39 /* ConvectorViewController.swift */; };
		D67944282406F56300863E39 /* font_1.otf in Resources */ = {isa = PBXBuildFile; fileRef = D67944262406F56300863E39 /* font_1.otf */; };
		D67944292406F56300863E39 /* font_2.ttf in Resources */ = {isa = PBXBuildFile; fileRef = D67944272406F56300863E39 /* font_2.ttf */; };
		D679442B2406F61600863E39 /* UIHelper.swift in Sources */ = {isa = PBXBuildFile; fileRef = D679442A2406F61600863E39 /* UIHelper.swift */; };
		D679442D2406F74000863E39 /* ConvectorDateTimeView.swift in Sources */ = {isa = PBXBuildFile; fileRef = D679442C2406F74000863E39 /* ConvectorDateTimeView.swift */; };
		D679442F2406FACE00863E39 /* ConvectorBottomPanel.swift in Sources */ = {isa = PBXBuildFile; fileRef = D679442E2406FACE00863E39 /* ConvectorBottomPanel.swift */; };
		D67944312406FD9F00863E39 /* convector.xcassets in Resources */ = {isa = PBXBuildFile; fileRef = D67944302406FD9F00863E39 /* convector.xcassets */; };
		D6794433240708E200863E39 /* ConvectorManualView.swift in Sources */ = {isa = PBXBuildFile; fileRef = D6794432240708E200863E39 /* ConvectorManualView.swift */; };
		D67DFA5F2334A83F00760D92 /* SpotsViewController.swift in Sources */ = {isa = PBXBuildFile; fileRef = D67DFA5E2334A83F00760D92 /* SpotsViewController.swift */; };
		D67DFA612334A96400760D92 /* Color.swift in Sources */ = {isa = PBXBuildFile; fileRef = D67DFA602334A96400760D92 /* Color.swift */; };
		D67DFA632334AC0400760D92 /* Spot.swift in Sources */ = {isa = PBXBuildFile; fileRef = D67DFA622334AC0400760D92 /* Spot.swift */; };
		D67DFA6B2335176800760D92 /* SpotViewController.swift in Sources */ = {isa = PBXBuildFile; fileRef = D67DFA6A2335176800760D92 /* SpotViewController.swift */; };
		D67DFA85233519D700760D92 /* SwiftLibModbus.swift in Sources */ = {isa = PBXBuildFile; fileRef = D67DFA6E233519D700760D92 /* SwiftLibModbus.swift */; };
		D67DFA86233519D700760D92 /* README.md in Resources */ = {isa = PBXBuildFile; fileRef = D67DFA70233519D700760D92 /* README.md */; };
		D67DFA87233519D700760D92 /* .gitignore in Resources */ = {isa = PBXBuildFile; fileRef = D67DFA71233519D700760D92 /* .gitignore */; };
		D67DFA88233519D700760D92 /* modbus-data.c in Sources */ = {isa = PBXBuildFile; fileRef = D67DFA76233519D700760D92 /* modbus-data.c */; };
		D67DFA89233519D700760D92 /* AUTHORS in Resources */ = {isa = PBXBuildFile; fileRef = D67DFA77233519D700760D92 /* AUTHORS */; };
		D67DFA8A233519D700760D92 /* modbus.c in Sources */ = {isa = PBXBuildFile; fileRef = D67DFA78233519D700760D92 /* modbus.c */; };
		D67DFA8B233519D700760D92 /* modbus-tcp.c in Sources */ = {isa = PBXBuildFile; fileRef = D67DFA79233519D700760D92 /* modbus-tcp.c */; };
		D67DFA8C233519D700760D92 /* COPYING.LESSER in Resources */ = {isa = PBXBuildFile; fileRef = D67DFA7C233519D700760D92 /* COPYING.LESSER */; };
		D67DFA8D233519D700760D92 /* COPYING in Resources */ = {isa = PBXBuildFile; fileRef = D67DFA7D233519D700760D92 /* COPYING */; };
		D67DFA8E233519D700760D92 /* NEWS in Resources */ = {isa = PBXBuildFile; fileRef = D67DFA7E233519D700760D92 /* NEWS */; };
		D67DFA8F233519D700760D92 /* modbus-rtu.c in Sources */ = {isa = PBXBuildFile; fileRef = D67DFA7F233519D700760D92 /* modbus-rtu.c */; };
		D67DFA90233519D700760D92 /* README.rst in Resources */ = {isa = PBXBuildFile; fileRef = D67DFA81233519D700760D92 /* README.rst */; };
		D67DFA922335262300760D92 /* SpotEditViewController.swift in Sources */ = {isa = PBXBuildFile; fileRef = D67DFA912335262300760D92 /* SpotEditViewController.swift */; };
		D68CECED247A823E0044E148 /* ModbusCenter.swift in Sources */ = {isa = PBXBuildFile; fileRef = D68CECEC247A823E0044E148 /* ModbusCenter.swift */; };
		D68F240923CC5D7400A249A2 /* ColorScheme.swift in Sources */ = {isa = PBXBuildFile; fileRef = D68F240823CC5D7400A249A2 /* ColorScheme.swift */; };
		D68F240C23CC600600A249A2 /* SpotCardView.swift in Sources */ = {isa = PBXBuildFile; fileRef = D68F240B23CC600600A249A2 /* SpotCardView.swift */; };
		D695920123DDC91300CEDB4F /* FanSpeedView.swift in Sources */ = {isa = PBXBuildFile; fileRef = D695920023DDC91300CEDB4F /* FanSpeedView.swift */; };
		D695920323DDE11E00CEDB4F /* ReactionTimeView.swift in Sources */ = {isa = PBXBuildFile; fileRef = D695920223DDE11E00CEDB4F /* ReactionTimeView.swift */; };
		D6AC45A123D793EF00779652 /* CalibratorView.swift in Sources */ = {isa = PBXBuildFile; fileRef = D6AC45A023D793EF00779652 /* CalibratorView.swift */; };
		D6C9998D23D63D25003A938D /* BrightnessSensorView.swift in Sources */ = {isa = PBXBuildFile; fileRef = D6C9998C23D63D25003A938D /* BrightnessSensorView.swift */; };
		D6E22531235C94CE00E0D800 /* Connector.swift in Sources */ = {isa = PBXBuildFile; fileRef = D6E22530235C94CE00E0D800 /* Connector.swift */; };
		D6E22533235C97B100E0D800 /* Tools.swift in Sources */ = {isa = PBXBuildFile; fileRef = D6E22532235C97B100E0D800 /* Tools.swift */; };
		D6E23AE423CDB5B200F0CB94 /* SpotIndicatorView.swift in Sources */ = {isa = PBXBuildFile; fileRef = D6E23AE323CDB5B200F0CB94 /* SpotIndicatorView.swift */; };
		D6F1DCA82330B16C007248AC /* AppDelegate.swift in Sources */ = {isa = PBXBuildFile; fileRef = D6F1DCA72330B16C007248AC /* AppDelegate.swift */; };
		D6F1DCAA2330B16C007248AC /* ViewController.swift in Sources */ = {isa = PBXBuildFile; fileRef = D6F1DCA92330B16C007248AC /* ViewController.swift */; };
		D6F1DCAD2330B16C007248AC /* Main.storyboard in Resources */ = {isa = PBXBuildFile; fileRef = D6F1DCAB2330B16C007248AC /* Main.storyboard */; };
		D6F1DCAF2330B16E007248AC /* Assets.xcassets in Resources */ = {isa = PBXBuildFile; fileRef = D6F1DCAE2330B16E007248AC /* Assets.xcassets */; };
		D6F1DCB22330B16E007248AC /* LaunchScreen.storyboard in Resources */ = {isa = PBXBuildFile; fileRef = D6F1DCB02330B16E007248AC /* LaunchScreen.storyboard */; };
		D6F1DCBB2330B17F007248AC /* NetworkExtension.framework in Frameworks */ = {isa = PBXBuildFile; fileRef = D6F1DCBA2330B17F007248AC /* NetworkExtension.framework */; };
		D6F1DCBE2330B404007248AC /* SwiftWifiIotPlugin.swift in Sources */ = {isa = PBXBuildFile; fileRef = D6F1DCBD2330B404007248AC /* SwiftWifiIotPlugin.swift */; };
		D6F1DCC02330B808007248AC /* ExternalAccessory.framework in Frameworks */ = {isa = PBXBuildFile; fileRef = D6F1DCBF2330B808007248AC /* ExternalAccessory.framework */; };
		D6F2046123DA1943002BFE0D /* DatetimeView.swift in Sources */ = {isa = PBXBuildFile; fileRef = D6F2046023DA1943002BFE0D /* DatetimeView.swift */; };
		D6F2046323DA2749002BFE0D /* TemperatureView.swift in Sources */ = {isa = PBXBuildFile; fileRef = D6F2046223DA2749002BFE0D /* TemperatureView.swift */; };
/* End PBXBuildFile section */

/* Begin PBXFileReference section */
		D608674A23E200850013044A /* SpotAdditionalParametersViewController.swift */ = {isa = PBXFileReference; lastKnownFileType = sourcecode.swift; path = SpotAdditionalParametersViewController.swift; sourceTree = "<group>"; };
		D60EC82923D0F39500D81289 /* SpotParameterView.swift */ = {isa = PBXFileReference; lastKnownFileType = sourcecode.swift; path = SpotParameterView.swift; sourceTree = "<group>"; };
		D60F251E23CF9FC700C4570B /* CardView.swift */ = {isa = PBXFileReference; lastKnownFileType = sourcecode.swift; path = CardView.swift; sourceTree = "<group>"; };
		D6302E9F23F067700041531A /* UITextFieldExt.swift */ = {isa = PBXFileReference; lastKnownFileType = sourcecode.swift; path = UITextFieldExt.swift; sourceTree = "<group>"; };
		D6310FA0240D89E7004733A2 /* ConvectotParametersView.swift */ = {isa = PBXFileReference; lastKnownFileType = sourcecode.swift; path = ConvectotParametersView.swift; sourceTree = "<group>"; };
		D639840B23D4A37100C02F43 /* ValueSelectionView.swift */ = {isa = PBXFileReference; lastKnownFileType = sourcecode.swift; path = ValueSelectionView.swift; sourceTree = "<group>"; };
		D6434D98244C38210047A9F0 /* ConvectorWeeklyProgrammingView.swift */ = {isa = PBXFileReference; lastKnownFileType = sourcecode.swift; name = ConvectorWeeklyProgrammingView.swift; path = WifiScanner/UIv2/ConvectorWeeklyProgrammingView.swift; sourceTree = SOURCE_ROOT; };
		D6434D9A244C52C60047A9F0 /* ConvectorSleepView.swift */ = {isa = PBXFileReference; lastKnownFileType = sourcecode.swift; path = ConvectorSleepView.swift; sourceTree = "<group>"; };
		D6434D9D244C56500047A9F0 /* CLDateTimeField.swift */ = {isa = PBXFileReference; fileEncoding = 4; lastKnownFileType = sourcecode.swift; name = CLDateTimeField.swift; path = DateTimePicker/CLDateTimeField.swift; sourceTree = "<group>"; };
		D6434D9E244C56500047A9F0 /* CLDateTimePickerViewController.swift */ = {isa = PBXFileReference; fileEncoding = 4; lastKnownFileType = sourcecode.swift; name = CLDateTimePickerViewController.swift; path = DateTimePicker/CLDateTimePickerViewController.swift; sourceTree = "<group>"; };
		D6434D9F244C56500047A9F0 /* CLDatePickerResources.xcassets */ = {isa = PBXFileReference; lastKnownFileType = folder.assetcatalog; name = CLDatePickerResources.xcassets; path = DateTimePicker/CLDatePickerResources.xcassets; sourceTree = "<group>"; };
		D6434DA0244C56500047A9F0 /* CLCalendarView.swift */ = {isa = PBXFileReference; fileEncoding = 4; lastKnownFileType = sourcecode.swift; name = CLCalendarView.swift; path = DateTimePicker/CLCalendarView.swift; sourceTree = "<group>"; };
		D6434DA1244C56500047A9F0 /* CLDateTimePickerView.swift */ = {isa = PBXFileReference; fileEncoding = 4; lastKnownFileType = sourcecode.swift; name = CLDateTimePickerView.swift; path = DateTimePicker/CLDateTimePickerView.swift; sourceTree = "<group>"; };
		D6434DA7244C57750047A9F0 /* Extensions.swift */ = {isa = PBXFileReference; lastKnownFileType = sourcecode.swift; path = Extensions.swift; sourceTree = "<group>"; };
		D6434DA9244C605D0047A9F0 /* RegulatorCellView.swift */ = {isa = PBXFileReference; lastKnownFileType = sourcecode.swift; path = RegulatorCellView.swift; sourceTree = "<group>"; };
		D6611D2124557E5200A4EA73 /* SpotAddingHelperViewController.swift */ = {isa = PBXFileReference; lastKnownFileType = sourcecode.swift; path = SpotAddingHelperViewController.swift; sourceTree = "<group>"; };
		D674F1B023335A17009D2D4C /* PingConfiguration.swift */ = {isa = PBXFileReference; fileEncoding = 4; lastKnownFileType = sourcecode.swift; path = PingConfiguration.swift; sourceTree = "<group>"; };
		D674F1B123335A17009D2D4C /* SwiftPing.swift */ = {isa = PBXFileReference; fileEncoding = 4; lastKnownFileType = sourcecode.swift; path = SwiftPing.swift; sourceTree = "<group>"; };
		D674F1B223335A17009D2D4C /* Shared.swift */ = {isa = PBXFileReference; fileEncoding = 4; lastKnownFileType = sourcecode.swift; path = Shared.swift; sourceTree = "<group>"; };
		D674F1B323335A17009D2D4C /* ICMP.swift */ = {isa = PBXFileReference; fileEncoding = 4; lastKnownFileType = sourcecode.swift; path = ICMP.swift; sourceTree = "<group>"; };
		D674F1B423335A17009D2D4C /* PingResponse.swift */ = {isa = PBXFileReference; fileEncoding = 4; lastKnownFileType = sourcecode.swift; path = PingResponse.swift; sourceTree = "<group>"; };
		D674F1BB23336C4E009D2D4C /* WifiScanner-Bridging-Header.h */ = {isa = PBXFileReference; lastKnownFileType = sourcecode.c.h; path = "WifiScanner-Bridging-Header.h"; sourceTree = "<group>"; };
		D674F1BC23336C4F009D2D4C /* BDHost.h */ = {isa = PBXFileReference; lastKnownFileType = sourcecode.c.h; path = BDHost.h; sourceTree = "<group>"; };
		D674F1BD23336C4F009D2D4C /* BDHost.m */ = {isa = PBXFileReference; lastKnownFileType = sourcecode.c.objc; path = BDHost.m; sourceTree = "<group>"; };
		D67944232406F21D00863E39 /* ConvectorViewController.swift */ = {isa = PBXFileReference; lastKnownFileType = sourcecode.swift; path = ConvectorViewController.swift; sourceTree = "<group>"; };
		D67944262406F56300863E39 /* font_1.otf */ = {isa = PBXFileReference; lastKnownFileType = file; path = font_1.otf; sourceTree = "<group>"; };
		D67944272406F56300863E39 /* font_2.ttf */ = {isa = PBXFileReference; lastKnownFileType = file; path = font_2.ttf; sourceTree = "<group>"; };
		D679442A2406F61600863E39 /* UIHelper.swift */ = {isa = PBXFileReference; lastKnownFileType = sourcecode.swift; path = UIHelper.swift; sourceTree = "<group>"; };
		D679442C2406F74000863E39 /* ConvectorDateTimeView.swift */ = {isa = PBXFileReference; lastKnownFileType = sourcecode.swift; path = ConvectorDateTimeView.swift; sourceTree = "<group>"; };
		D679442E2406FACE00863E39 /* ConvectorBottomPanel.swift */ = {isa = PBXFileReference; lastKnownFileType = sourcecode.swift; path = ConvectorBottomPanel.swift; sourceTree = "<group>"; };
		D67944302406FD9F00863E39 /* convector.xcassets */ = {isa = PBXFileReference; lastKnownFileType = folder.assetcatalog; path = convector.xcassets; sourceTree = "<group>"; };
		D6794432240708E200863E39 /* ConvectorManualView.swift */ = {isa = PBXFileReference; lastKnownFileType = sourcecode.swift; path = ConvectorManualView.swift; sourceTree = "<group>"; };
		D67DFA5E2334A83F00760D92 /* SpotsViewController.swift */ = {isa = PBXFileReference; lastKnownFileType = sourcecode.swift; path = SpotsViewController.swift; sourceTree = "<group>"; };
		D67DFA602334A96400760D92 /* Color.swift */ = {isa = PBXFileReference; lastKnownFileType = sourcecode.swift; path = Color.swift; sourceTree = "<group>"; };
		D67DFA622334AC0400760D92 /* Spot.swift */ = {isa = PBXFileReference; lastKnownFileType = sourcecode.swift; path = Spot.swift; sourceTree = "<group>"; };
		D67DFA6A2335176800760D92 /* SpotViewController.swift */ = {isa = PBXFileReference; lastKnownFileType = sourcecode.swift; path = SpotViewController.swift; sourceTree = "<group>"; };
		D67DFA6E233519D700760D92 /* SwiftLibModbus.swift */ = {isa = PBXFileReference; fileEncoding = 4; lastKnownFileType = sourcecode.swift; path = SwiftLibModbus.swift; sourceTree = "<group>"; };
		D67DFA6F233519D700760D92 /* SwiftLibModbus-Bridging-Header.h */ = {isa = PBXFileReference; fileEncoding = 4; lastKnownFileType = sourcecode.c.h; path = "SwiftLibModbus-Bridging-Header.h"; sourceTree = "<group>"; };
		D67DFA70233519D700760D92 /* README.md */ = {isa = PBXFileReference; fileEncoding = 4; lastKnownFileType = net.daringfireball.markdown; path = README.md; sourceTree = "<group>"; };
		D67DFA71233519D700760D92 /* .gitignore */ = {isa = PBXFileReference; fileEncoding = 4; lastKnownFileType = text; path = .gitignore; sourceTree = "<group>"; };
		D67DFA74233519D700760D92 /* modbus-private.h */ = {isa = PBXFileReference; fileEncoding = 4; lastKnownFileType = sourcecode.c.h; path = "modbus-private.h"; sourceTree = "<group>"; };
		D67DFA75233519D700760D92 /* config.h */ = {isa = PBXFileReference; fileEncoding = 4; lastKnownFileType = sourcecode.c.h; path = config.h; sourceTree = "<group>"; };
		D67DFA76233519D700760D92 /* modbus-data.c */ = {isa = PBXFileReference; fileEncoding = 4; lastKnownFileType = sourcecode.c.c; path = "modbus-data.c"; sourceTree = "<group>"; };
		D67DFA77233519D700760D92 /* AUTHORS */ = {isa = PBXFileReference; fileEncoding = 4; lastKnownFileType = text; path = AUTHORS; sourceTree = "<group>"; };
		D67DFA78233519D700760D92 /* modbus.c */ = {isa = PBXFileReference; fileEncoding = 4; lastKnownFileType = sourcecode.c.c; path = modbus.c; sourceTree = "<group>"; };
		D67DFA79233519D700760D92 /* modbus-tcp.c */ = {isa = PBXFileReference; fileEncoding = 4; lastKnownFileType = sourcecode.c.c; path = "modbus-tcp.c"; sourceTree = "<group>"; };
		D67DFA7A233519D700760D92 /* modbus-rtu.h */ = {isa = PBXFileReference; fileEncoding = 4; lastKnownFileType = sourcecode.c.h; path = "modbus-rtu.h"; sourceTree = "<group>"; };
		D67DFA7B233519D700760D92 /* modbus-version.h */ = {isa = PBXFileReference; fileEncoding = 4; lastKnownFileType = sourcecode.c.h; path = "modbus-version.h"; sourceTree = "<group>"; };
		D67DFA7C233519D700760D92 /* COPYING.LESSER */ = {isa = PBXFileReference; fileEncoding = 4; lastKnownFileType = text; path = COPYING.LESSER; sourceTree = "<group>"; };
		D67DFA7D233519D700760D92 /* COPYING */ = {isa = PBXFileReference; fileEncoding = 4; lastKnownFileType = text; path = COPYING; sourceTree = "<group>"; };
		D67DFA7E233519D700760D92 /* NEWS */ = {isa = PBXFileReference; fileEncoding = 4; lastKnownFileType = text; path = NEWS; sourceTree = "<group>"; };
		D67DFA7F233519D700760D92 /* modbus-rtu.c */ = {isa = PBXFileReference; fileEncoding = 4; lastKnownFileType = sourcecode.c.c; path = "modbus-rtu.c"; sourceTree = "<group>"; };
		D67DFA80233519D700760D92 /* modbus-tcp.h */ = {isa = PBXFileReference; fileEncoding = 4; lastKnownFileType = sourcecode.c.h; path = "modbus-tcp.h"; sourceTree = "<group>"; };
		D67DFA81233519D700760D92 /* README.rst */ = {isa = PBXFileReference; fileEncoding = 4; lastKnownFileType = text; path = README.rst; sourceTree = "<group>"; };
		D67DFA82233519D700760D92 /* modbus.h */ = {isa = PBXFileReference; fileEncoding = 4; lastKnownFileType = sourcecode.c.h; path = modbus.h; sourceTree = "<group>"; };
		D67DFA83233519D700760D92 /* modbus-tcp-private.h */ = {isa = PBXFileReference; fileEncoding = 4; lastKnownFileType = sourcecode.c.h; path = "modbus-tcp-private.h"; sourceTree = "<group>"; };
		D67DFA84233519D700760D92 /* modbus-rtu-private.h */ = {isa = PBXFileReference; fileEncoding = 4; lastKnownFileType = sourcecode.c.h; path = "modbus-rtu-private.h"; sourceTree = "<group>"; };
		D67DFA912335262300760D92 /* SpotEditViewController.swift */ = {isa = PBXFileReference; lastKnownFileType = sourcecode.swift; path = SpotEditViewController.swift; sourceTree = "<group>"; };
		D68CECEC247A823E0044E148 /* ModbusCenter.swift */ = {isa = PBXFileReference; lastKnownFileType = sourcecode.swift; path = ModbusCenter.swift; sourceTree = "<group>"; };
		D68F240823CC5D7400A249A2 /* ColorScheme.swift */ = {isa = PBXFileReference; lastKnownFileType = sourcecode.swift; path = ColorScheme.swift; sourceTree = "<group>"; };
		D68F240B23CC600600A249A2 /* SpotCardView.swift */ = {isa = PBXFileReference; lastKnownFileType = sourcecode.swift; path = SpotCardView.swift; sourceTree = "<group>"; };
		D695920023DDC91300CEDB4F /* FanSpeedView.swift */ = {isa = PBXFileReference; lastKnownFileType = sourcecode.swift; path = FanSpeedView.swift; sourceTree = "<group>"; };
		D695920223DDE11E00CEDB4F /* ReactionTimeView.swift */ = {isa = PBXFileReference; lastKnownFileType = sourcecode.swift; path = ReactionTimeView.swift; sourceTree = "<group>"; };
		D6AC45A023D793EF00779652 /* CalibratorView.swift */ = {isa = PBXFileReference; lastKnownFileType = sourcecode.swift; path = CalibratorView.swift; sourceTree = "<group>"; };
		D6C9998C23D63D25003A938D /* BrightnessSensorView.swift */ = {isa = PBXFileReference; lastKnownFileType = sourcecode.swift; path = BrightnessSensorView.swift; sourceTree = "<group>"; };
		D6E22530235C94CE00E0D800 /* Connector.swift */ = {isa = PBXFileReference; lastKnownFileType = sourcecode.swift; path = Connector.swift; sourceTree = "<group>"; };
		D6E22532235C97B100E0D800 /* Tools.swift */ = {isa = PBXFileReference; lastKnownFileType = sourcecode.swift; path = Tools.swift; sourceTree = "<group>"; };
		D6E23AE323CDB5B200F0CB94 /* SpotIndicatorView.swift */ = {isa = PBXFileReference; lastKnownFileType = sourcecode.swift; path = SpotIndicatorView.swift; sourceTree = "<group>"; };
		D6F1DCA42330B16C007248AC /* WifiScanner.app */ = {isa = PBXFileReference; explicitFileType = wrapper.application; includeInIndex = 0; path = WifiScanner.app; sourceTree = BUILT_PRODUCTS_DIR; };
		D6F1DCA72330B16C007248AC /* AppDelegate.swift */ = {isa = PBXFileReference; lastKnownFileType = sourcecode.swift; path = AppDelegate.swift; sourceTree = "<group>"; };
		D6F1DCA92330B16C007248AC /* ViewController.swift */ = {isa = PBXFileReference; lastKnownFileType = sourcecode.swift; path = ViewController.swift; sourceTree = "<group>"; };
		D6F1DCAC2330B16C007248AC /* Base */ = {isa = PBXFileReference; lastKnownFileType = file.storyboard; name = Base; path = Base.lproj/Main.storyboard; sourceTree = "<group>"; };
		D6F1DCAE2330B16E007248AC /* Assets.xcassets */ = {isa = PBXFileReference; lastKnownFileType = folder.assetcatalog; path = Assets.xcassets; sourceTree = "<group>"; };
		D6F1DCB12330B16E007248AC /* Base */ = {isa = PBXFileReference; lastKnownFileType = file.storyboard; name = Base; path = Base.lproj/LaunchScreen.storyboard; sourceTree = "<group>"; };
		D6F1DCB32330B16E007248AC /* Info.plist */ = {isa = PBXFileReference; lastKnownFileType = text.plist.xml; path = Info.plist; sourceTree = "<group>"; };
		D6F1DCBA2330B17F007248AC /* NetworkExtension.framework */ = {isa = PBXFileReference; lastKnownFileType = wrapper.framework; name = NetworkExtension.framework; path = System/Library/Frameworks/NetworkExtension.framework; sourceTree = SDKROOT; };
		D6F1DCBC2330B17F007248AC /* WifiScanner.entitlements */ = {isa = PBXFileReference; lastKnownFileType = text.plist.entitlements; path = WifiScanner.entitlements; sourceTree = "<group>"; };
		D6F1DCBD2330B404007248AC /* SwiftWifiIotPlugin.swift */ = {isa = PBXFileReference; lastKnownFileType = sourcecode.swift; path = SwiftWifiIotPlugin.swift; sourceTree = "<group>"; };
		D6F1DCBF2330B808007248AC /* ExternalAccessory.framework */ = {isa = PBXFileReference; lastKnownFileType = wrapper.framework; name = ExternalAccessory.framework; path = System/Library/Frameworks/ExternalAccessory.framework; sourceTree = SDKROOT; };
		D6F2046023DA1943002BFE0D /* DatetimeView.swift */ = {isa = PBXFileReference; lastKnownFileType = sourcecode.swift; path = DatetimeView.swift; sourceTree = "<group>"; };
		D6F2046223DA2749002BFE0D /* TemperatureView.swift */ = {isa = PBXFileReference; lastKnownFileType = sourcecode.swift; path = TemperatureView.swift; sourceTree = "<group>"; };
/* End PBXFileReference section */

/* Begin PBXFrameworksBuildPhase section */
		D6F1DCA12330B16C007248AC /* Frameworks */ = {
			isa = PBXFrameworksBuildPhase;
			buildActionMask = 2147483647;
			files = (
				D6F1DCC02330B808007248AC /* ExternalAccessory.framework in Frameworks */,
				D6F1DCBB2330B17F007248AC /* NetworkExtension.framework in Frameworks */,
			);
			runOnlyForDeploymentPostprocessing = 0;
		};
/* End PBXFrameworksBuildPhase section */

/* Begin PBXGroup section */
		D6434D9C244C56400047A9F0 /* DateTimePicker */ = {
			isa = PBXGroup;
			children = (
				D6434DA0244C56500047A9F0 /* CLCalendarView.swift */,
				D6434D9F244C56500047A9F0 /* CLDatePickerResources.xcassets */,
				D6434D9D244C56500047A9F0 /* CLDateTimeField.swift */,
				D6434DA1244C56500047A9F0 /* CLDateTimePickerView.swift */,
				D6434D9E244C56500047A9F0 /* CLDateTimePickerViewController.swift */,
			);
			name = DateTimePicker;
			sourceTree = "<group>";
		};
		D674F1AF23335A17009D2D4C /* Ping */ = {
			isa = PBXGroup;
			children = (
				D674F1B023335A17009D2D4C /* PingConfiguration.swift */,
				D674F1B123335A17009D2D4C /* SwiftPing.swift */,
				D674F1B223335A17009D2D4C /* Shared.swift */,
				D674F1B323335A17009D2D4C /* ICMP.swift */,
				D674F1B423335A17009D2D4C /* PingResponse.swift */,
			);
			path = Ping;
			sourceTree = "<group>";
		};
		D674F1BA23336C26009D2D4C /* ObjC */ = {
			isa = PBXGroup;
			children = (
				D674F1BC23336C4F009D2D4C /* BDHost.h */,
				D674F1BD23336C4F009D2D4C /* BDHost.m */,
				D674F1BB23336C4E009D2D4C /* WifiScanner-Bridging-Header.h */,
			);
			path = ObjC;
			sourceTree = "<group>";
		};
		D67944222406F1C400863E39 /* UIv2 */ = {
			isa = PBXGroup;
			children = (
				D6434D9C244C56400047A9F0 /* DateTimePicker */,
				D67944252406F53300863E39 /* Fonts */,
				D67944232406F21D00863E39 /* ConvectorViewController.swift */,
				D679442A2406F61600863E39 /* UIHelper.swift */,
				D679442C2406F74000863E39 /* ConvectorDateTimeView.swift */,
				D679442E2406FACE00863E39 /* ConvectorBottomPanel.swift */,
				D6794432240708E200863E39 /* ConvectorManualView.swift */,
				D6310FA0240D89E7004733A2 /* ConvectotParametersView.swift */,
				D6434D98244C38210047A9F0 /* ConvectorWeeklyProgrammingView.swift */,
				D67944302406FD9F00863E39 /* convector.xcassets */,
				D6434D9A244C52C60047A9F0 /* ConvectorSleepView.swift */,
				D6434DA9244C605D0047A9F0 /* RegulatorCellView.swift */,
				D6611D2124557E5200A4EA73 /* SpotAddingHelperViewController.swift */,
			);
			path = UIv2;
			sourceTree = "<group>";
		};
		D67944252406F53300863E39 /* Fonts */ = {
			isa = PBXGroup;
			children = (
				D67944262406F56300863E39 /* font_1.otf */,
				D67944272406F56300863E39 /* font_2.ttf */,
			);
			path = Fonts;
			sourceTree = "<group>";
		};
		D67DFA6C233519D700760D92 /* Modbus */ = {
			isa = PBXGroup;
			children = (
				D67DFA6D233519D700760D92 /* SwiftLibModbus */,
				D67DFA70233519D700760D92 /* README.md */,
				D67DFA71233519D700760D92 /* .gitignore */,
				D67DFA72233519D700760D92 /* Vendor */,
			);
			path = Modbus;
			sourceTree = "<group>";
		};
		D67DFA6D233519D700760D92 /* SwiftLibModbus */ = {
			isa = PBXGroup;
			children = (
				D67DFA6E233519D700760D92 /* SwiftLibModbus.swift */,
				D67DFA6F233519D700760D92 /* SwiftLibModbus-Bridging-Header.h */,
			);
			path = SwiftLibModbus;
			sourceTree = "<group>";
		};
		D67DFA72233519D700760D92 /* Vendor */ = {
			isa = PBXGroup;
			children = (
				D67DFA73233519D700760D92 /* libmodbus */,
			);
			path = Vendor;
			sourceTree = "<group>";
		};
		D67DFA73233519D700760D92 /* libmodbus */ = {
			isa = PBXGroup;
			children = (
				D67DFA74233519D700760D92 /* modbus-private.h */,
				D67DFA75233519D700760D92 /* config.h */,
				D67DFA76233519D700760D92 /* modbus-data.c */,
				D67DFA77233519D700760D92 /* AUTHORS */,
				D67DFA78233519D700760D92 /* modbus.c */,
				D67DFA79233519D700760D92 /* modbus-tcp.c */,
				D67DFA7A233519D700760D92 /* modbus-rtu.h */,
				D67DFA7B233519D700760D92 /* modbus-version.h */,
				D67DFA7C233519D700760D92 /* COPYING.LESSER */,
				D67DFA7D233519D700760D92 /* COPYING */,
				D67DFA7E233519D700760D92 /* NEWS */,
				D67DFA7F233519D700760D92 /* modbus-rtu.c */,
				D67DFA80233519D700760D92 /* modbus-tcp.h */,
				D67DFA81233519D700760D92 /* README.rst */,
				D67DFA82233519D700760D92 /* modbus.h */,
				D67DFA83233519D700760D92 /* modbus-tcp-private.h */,
				D67DFA84233519D700760D92 /* modbus-rtu-private.h */,
			);
			path = libmodbus;
			sourceTree = "<group>";
		};
		D68CECEB247A82220044E148 /* Connection */ = {
			isa = PBXGroup;
			children = (
				D6E22530235C94CE00E0D800 /* Connector.swift */,
				D68CECEC247A823E0044E148 /* ModbusCenter.swift */,
			);
			path = Connection;
			sourceTree = "<group>";
		};
		D68F240A23CC5FF100A249A2 /* UI */ = {
			isa = PBXGroup;
			children = (
				D68F240B23CC600600A249A2 /* SpotCardView.swift */,
				D6E23AE323CDB5B200F0CB94 /* SpotIndicatorView.swift */,
				D60F251E23CF9FC700C4570B /* CardView.swift */,
				D60EC82923D0F39500D81289 /* SpotParameterView.swift */,
				D639840B23D4A37100C02F43 /* ValueSelectionView.swift */,
				D6C9998C23D63D25003A938D /* BrightnessSensorView.swift */,
				D6AC45A023D793EF00779652 /* CalibratorView.swift */,
				D6F2046023DA1943002BFE0D /* DatetimeView.swift */,
				D6F2046223DA2749002BFE0D /* TemperatureView.swift */,
				D695920023DDC91300CEDB4F /* FanSpeedView.swift */,
				D695920223DDE11E00CEDB4F /* ReactionTimeView.swift */,
				D6302E9F23F067700041531A /* UITextFieldExt.swift */,
			);
			path = UI;
			sourceTree = "<group>";
		};
		D6F1DC9B2330B16C007248AC = {
			isa = PBXGroup;
			children = (
				D6F1DCA62330B16C007248AC /* WifiScanner */,
				D6F1DCA52330B16C007248AC /* Products */,
				D6F1DCB92330B17F007248AC /* Frameworks */,
			);
			sourceTree = "<group>";
		};
		D6F1DCA52330B16C007248AC /* Products */ = {
			isa = PBXGroup;
			children = (
				D6F1DCA42330B16C007248AC /* WifiScanner.app */,
			);
			name = Products;
			sourceTree = "<group>";
		};
		D6F1DCA62330B16C007248AC /* WifiScanner */ = {
			isa = PBXGroup;
			children = (
				D68CECEB247A82220044E148 /* Connection */,
				D67944222406F1C400863E39 /* UIv2 */,
				D68F240A23CC5FF100A249A2 /* UI */,
				D67DFA6C233519D700760D92 /* Modbus */,
				D674F1BA23336C26009D2D4C /* ObjC */,
				D674F1AF23335A17009D2D4C /* Ping */,
				D6F1DCBC2330B17F007248AC /* WifiScanner.entitlements */,
				D6F1DCA72330B16C007248AC /* AppDelegate.swift */,
				D6F1DCA92330B16C007248AC /* ViewController.swift */,
				D6F1DCAB2330B16C007248AC /* Main.storyboard */,
				D6F1DCAE2330B16E007248AC /* Assets.xcassets */,
				D6F1DCB02330B16E007248AC /* LaunchScreen.storyboard */,
				D6F1DCB32330B16E007248AC /* Info.plist */,
				D6F1DCBD2330B404007248AC /* SwiftWifiIotPlugin.swift */,
				D67DFA5E2334A83F00760D92 /* SpotsViewController.swift */,
				D67DFA602334A96400760D92 /* Color.swift */,
				D67DFA622334AC0400760D92 /* Spot.swift */,
				D67DFA6A2335176800760D92 /* SpotViewController.swift */,
				D67DFA912335262300760D92 /* SpotEditViewController.swift */,
				D6E22532235C97B100E0D800 /* Tools.swift */,
				D68F240823CC5D7400A249A2 /* ColorScheme.swift */,
				D608674A23E200850013044A /* SpotAdditionalParametersViewController.swift */,
				D6434DA7244C57750047A9F0 /* Extensions.swift */,
			);
			path = WifiScanner;
			sourceTree = "<group>";
		};
		D6F1DCB92330B17F007248AC /* Frameworks */ = {
			isa = PBXGroup;
			children = (
				D6F1DCBF2330B808007248AC /* ExternalAccessory.framework */,
				D6F1DCBA2330B17F007248AC /* NetworkExtension.framework */,
			);
			name = Frameworks;
			sourceTree = "<group>";
		};
/* End PBXGroup section */

/* Begin PBXNativeTarget section */
		D6F1DCA32330B16C007248AC /* WifiScanner */ = {
			isa = PBXNativeTarget;
			buildConfigurationList = D6F1DCB62330B16E007248AC /* Build configuration list for PBXNativeTarget "WifiScanner" */;
			buildPhases = (
				D6F1DCA02330B16C007248AC /* Sources */,
				D6F1DCA12330B16C007248AC /* Frameworks */,
				D6F1DCA22330B16C007248AC /* Resources */,
			);
			buildRules = (
			);
			dependencies = (
			);
			name = WifiScanner;
			productName = WifiScanner;
			productReference = D6F1DCA42330B16C007248AC /* WifiScanner.app */;
			productType = "com.apple.product-type.application";
		};
/* End PBXNativeTarget section */

/* Begin PBXProject section */
		D6F1DC9C2330B16C007248AC /* Project object */ = {
			isa = PBXProject;
			attributes = {
				LastSwiftUpdateCheck = 1010;
				LastUpgradeCheck = 1010;
				ORGANIZATIONNAME = "Max Subbotin";
				TargetAttributes = {
					D6F1DCA32330B16C007248AC = {
						CreatedOnToolsVersion = 10.1;
						LastSwiftMigration = 1010;
						SystemCapabilities = {
							com.apple.AccessWiFi = {
								enabled = 1;
							};
							com.apple.BackgroundModes = {
								enabled = 1;
							};
							com.apple.HotspotConfiguration = {
								enabled = 1;
							};
							com.apple.NetworkExtensions.iOS = {
								enabled = 1;
							};
							com.apple.WAC = {
								enabled = 1;
							};
						};
					};
				};
			};
			buildConfigurationList = D6F1DC9F2330B16C007248AC /* Build configuration list for PBXProject "WifiScanner" */;
			compatibilityVersion = "Xcode 9.3";
			developmentRegion = en;
			hasScannedForEncodings = 0;
			knownRegions = (
				en,
				Base,
			);
			mainGroup = D6F1DC9B2330B16C007248AC;
			productRefGroup = D6F1DCA52330B16C007248AC /* Products */;
			projectDirPath = "";
			projectRoot = "";
			targets = (
				D6F1DCA32330B16C007248AC /* WifiScanner */,
			);
		};
/* End PBXProject section */

/* Begin PBXResourcesBuildPhase section */
		D6F1DCA22330B16C007248AC /* Resources */ = {
			isa = PBXResourcesBuildPhase;
			buildActionMask = 2147483647;
			files = (
				D67DFA8D233519D700760D92 /* COPYING in Resources */,
				D67DFA87233519D700760D92 /* .gitignore in Resources */,
				D6F1DCB22330B16E007248AC /* LaunchScreen.storyboard in Resources */,
				D67DFA8C233519D700760D92 /* COPYING.LESSER in Resources */,
				D67944312406FD9F00863E39 /* convector.xcassets in Resources */,
				D67DFA8E233519D700760D92 /* NEWS in Resources */,
				D6F1DCAF2330B16E007248AC /* Assets.xcassets in Resources */,
				D67944292406F56300863E39 /* font_2.ttf in Resources */,
				D67944282406F56300863E39 /* font_1.otf in Resources */,
				D67DFA89233519D700760D92 /* AUTHORS in Resources */,
				D67DFA86233519D700760D92 /* README.md in Resources */,
				D6F1DCAD2330B16C007248AC /* Main.storyboard in Resources */,
				D6434DA4244C56500047A9F0 /* CLDatePickerResources.xcassets in Resources */,
				D67DFA90233519D700760D92 /* README.rst in Resources */,
			);
			runOnlyForDeploymentPostprocessing = 0;
		};
/* End PBXResourcesBuildPhase section */

/* Begin PBXSourcesBuildPhase section */
		D6F1DCA02330B16C007248AC /* Sources */ = {
			isa = PBXSourcesBuildPhase;
			buildActionMask = 2147483647;
			files = (
				D6434DA3244C56500047A9F0 /* CLDateTimePickerViewController.swift in Sources */,
				D68CECED247A823E0044E148 /* ModbusCenter.swift in Sources */,
				D6E23AE423CDB5B200F0CB94 /* SpotIndicatorView.swift in Sources */,
				D67DFA8B233519D700760D92 /* modbus-tcp.c in Sources */,
				D67DFA5F2334A83F00760D92 /* SpotsViewController.swift in Sources */,
				D695920323DDE11E00CEDB4F /* ReactionTimeView.swift in Sources */,
				D674F1B723335A17009D2D4C /* Shared.swift in Sources */,
				D6434D9B244C52C60047A9F0 /* ConvectorSleepView.swift in Sources */,
				D6302EA023F067700041531A /* UITextFieldExt.swift in Sources */,
				D60EC82A23D0F39500D81289 /* SpotParameterView.swift in Sources */,
				D67DFA612334A96400760D92 /* Color.swift in Sources */,
				D68F240C23CC600600A249A2 /* SpotCardView.swift in Sources */,
				D67DFA8A233519D700760D92 /* modbus.c in Sources */,
				D674F1B523335A17009D2D4C /* PingConfiguration.swift in Sources */,
				D6434DA6244C56500047A9F0 /* CLDateTimePickerView.swift in Sources */,
				D6F2046123DA1943002BFE0D /* DatetimeView.swift in Sources */,
				D68F240923CC5D7400A249A2 /* ColorScheme.swift in Sources */,
				D6AC45A123D793EF00779652 /* CalibratorView.swift in Sources */,
				D674F1B923335A17009D2D4C /* PingResponse.swift in Sources */,
				D6F1DCBE2330B404007248AC /* SwiftWifiIotPlugin.swift in Sources */,
				D6611D2224557E5200A4EA73 /* SpotAddingHelperViewController.swift in Sources */,
				D6794433240708E200863E39 /* ConvectorManualView.swift in Sources */,
				D695920123DDC91300CEDB4F /* FanSpeedView.swift in Sources */,
				D679442D2406F74000863E39 /* ConvectorDateTimeView.swift in Sources */,
				D6434DA5244C56500047A9F0 /* CLCalendarView.swift in Sources */,
				D639840C23D4A37100C02F43 /* ValueSelectionView.swift in Sources */,
				D67DFA88233519D700760D92 /* modbus-data.c in Sources */,
				D6F1DCAA2330B16C007248AC /* ViewController.swift in Sources */,
				D67DFA632334AC0400760D92 /* Spot.swift in Sources */,
				D60F251F23CF9FC700C4570B /* CardView.swift in Sources */,
				D67DFA8F233519D700760D92 /* modbus-rtu.c in Sources */,
				D679442B2406F61600863E39 /* UIHelper.swift in Sources */,
				D674F1B623335A17009D2D4C /* SwiftPing.swift in Sources */,
				D6E22531235C94CE00E0D800 /* Connector.swift in Sources */,
				D67DFA922335262300760D92 /* SpotEditViewController.swift in Sources */,
				D67944242406F21D00863E39 /* ConvectorViewController.swift in Sources */,
				D6F1DCA82330B16C007248AC /* AppDelegate.swift in Sources */,
				D6F2046323DA2749002BFE0D /* TemperatureView.swift in Sources */,
				D608674B23E200850013044A /* SpotAdditionalParametersViewController.swift in Sources */,
				D679442F2406FACE00863E39 /* ConvectorBottomPanel.swift in Sources */,
				D674F1BE23336C4F009D2D4C /* BDHost.m in Sources */,
				D6C9998D23D63D25003A938D /* BrightnessSensorView.swift in Sources */,
				D67DFA6B2335176800760D92 /* SpotViewController.swift in Sources */,
				D6434DAA244C605D0047A9F0 /* RegulatorCellView.swift in Sources */,
				D6E22533235C97B100E0D800 /* Tools.swift in Sources */,
				D6310FA1240D89E7004733A2 /* ConvectotParametersView.swift in Sources */,
				D6434DA8244C57750047A9F0 /* Extensions.swift in Sources */,
				D6434DA2244C56500047A9F0 /* CLDateTimeField.swift in Sources */,
				D6434D99244C38210047A9F0 /* ConvectorWeeklyProgrammingView.swift in Sources */,
				D674F1B823335A17009D2D4C /* ICMP.swift in Sources */,
				D67DFA85233519D700760D92 /* SwiftLibModbus.swift in Sources */,
			);
			runOnlyForDeploymentPostprocessing = 0;
		};
/* End PBXSourcesBuildPhase section */

/* Begin PBXVariantGroup section */
		D6F1DCAB2330B16C007248AC /* Main.storyboard */ = {
			isa = PBXVariantGroup;
			children = (
				D6F1DCAC2330B16C007248AC /* Base */,
			);
			name = Main.storyboard;
			sourceTree = "<group>";
		};
		D6F1DCB02330B16E007248AC /* LaunchScreen.storyboard */ = {
			isa = PBXVariantGroup;
			children = (
				D6F1DCB12330B16E007248AC /* Base */,
			);
			name = LaunchScreen.storyboard;
			sourceTree = "<group>";
		};
/* End PBXVariantGroup section */

/* Begin XCBuildConfiguration section */
		D6F1DCB42330B16E007248AC /* Debug */ = {
			isa = XCBuildConfiguration;
			buildSettings = {
				ALWAYS_SEARCH_USER_PATHS = NO;
				CLANG_ANALYZER_NONNULL = YES;
				CLANG_ANALYZER_NUMBER_OBJECT_CONVERSION = YES_AGGRESSIVE;
				CLANG_CXX_LANGUAGE_STANDARD = "gnu++14";
				CLANG_CXX_LIBRARY = "libc++";
				CLANG_ENABLE_MODULES = YES;
				CLANG_ENABLE_OBJC_ARC = YES;
				CLANG_ENABLE_OBJC_WEAK = YES;
				CLANG_WARN_BLOCK_CAPTURE_AUTORELEASING = YES;
				CLANG_WARN_BOOL_CONVERSION = YES;
				CLANG_WARN_COMMA = YES;
				CLANG_WARN_CONSTANT_CONVERSION = YES;
				CLANG_WARN_DEPRECATED_OBJC_IMPLEMENTATIONS = YES;
				CLANG_WARN_DIRECT_OBJC_ISA_USAGE = YES_ERROR;
				CLANG_WARN_DOCUMENTATION_COMMENTS = YES;
				CLANG_WARN_EMPTY_BODY = YES;
				CLANG_WARN_ENUM_CONVERSION = YES;
				CLANG_WARN_INFINITE_RECURSION = YES;
				CLANG_WARN_INT_CONVERSION = YES;
				CLANG_WARN_NON_LITERAL_NULL_CONVERSION = YES;
				CLANG_WARN_OBJC_IMPLICIT_RETAIN_SELF = YES;
				CLANG_WARN_OBJC_LITERAL_CONVERSION = YES;
				CLANG_WARN_OBJC_ROOT_CLASS = YES_ERROR;
				CLANG_WARN_RANGE_LOOP_ANALYSIS = YES;
				CLANG_WARN_STRICT_PROTOTYPES = YES;
				CLANG_WARN_SUSPICIOUS_MOVE = YES;
				CLANG_WARN_UNGUARDED_AVAILABILITY = YES_AGGRESSIVE;
				CLANG_WARN_UNREACHABLE_CODE = YES;
				CLANG_WARN__DUPLICATE_METHOD_MATCH = YES;
				CODE_SIGN_IDENTITY = "iPhone Developer";
				COPY_PHASE_STRIP = NO;
				DEBUG_INFORMATION_FORMAT = dwarf;
				ENABLE_STRICT_OBJC_MSGSEND = YES;
				ENABLE_TESTABILITY = YES;
				GCC_C_LANGUAGE_STANDARD = gnu11;
				GCC_DYNAMIC_NO_PIC = NO;
				GCC_NO_COMMON_BLOCKS = YES;
				GCC_OPTIMIZATION_LEVEL = 0;
				GCC_PREPROCESSOR_DEFINITIONS = (
					"DEBUG=1",
					"$(inherited)",
				);
				GCC_WARN_64_TO_32_BIT_CONVERSION = YES;
				GCC_WARN_ABOUT_RETURN_TYPE = YES_ERROR;
				GCC_WARN_UNDECLARED_SELECTOR = YES;
				GCC_WARN_UNINITIALIZED_AUTOS = YES_AGGRESSIVE;
				GCC_WARN_UNUSED_FUNCTION = YES;
				GCC_WARN_UNUSED_VARIABLE = YES;
				IPHONEOS_DEPLOYMENT_TARGET = 12.1;
				MTL_ENABLE_DEBUG_INFO = INCLUDE_SOURCE;
				MTL_FAST_MATH = YES;
				ONLY_ACTIVE_ARCH = YES;
				SDKROOT = iphoneos;
				SWIFT_ACTIVE_COMPILATION_CONDITIONS = DEBUG;
				SWIFT_OPTIMIZATION_LEVEL = "-Onone";
			};
			name = Debug;
		};
		D6F1DCB52330B16E007248AC /* Release */ = {
			isa = XCBuildConfiguration;
			buildSettings = {
				ALWAYS_SEARCH_USER_PATHS = NO;
				CLANG_ANALYZER_NONNULL = YES;
				CLANG_ANALYZER_NUMBER_OBJECT_CONVERSION = YES_AGGRESSIVE;
				CLANG_CXX_LANGUAGE_STANDARD = "gnu++14";
				CLANG_CXX_LIBRARY = "libc++";
				CLANG_ENABLE_MODULES = YES;
				CLANG_ENABLE_OBJC_ARC = YES;
				CLANG_ENABLE_OBJC_WEAK = YES;
				CLANG_WARN_BLOCK_CAPTURE_AUTORELEASING = YES;
				CLANG_WARN_BOOL_CONVERSION = YES;
				CLANG_WARN_COMMA = YES;
				CLANG_WARN_CONSTANT_CONVERSION = YES;
				CLANG_WARN_DEPRECATED_OBJC_IMPLEMENTATIONS = YES;
				CLANG_WARN_DIRECT_OBJC_ISA_USAGE = YES_ERROR;
				CLANG_WARN_DOCUMENTATION_COMMENTS = YES;
				CLANG_WARN_EMPTY_BODY = YES;
				CLANG_WARN_ENUM_CONVERSION = YES;
				CLANG_WARN_INFINITE_RECURSION = YES;
				CLANG_WARN_INT_CONVERSION = YES;
				CLANG_WARN_NON_LITERAL_NULL_CONVERSION = YES;
				CLANG_WARN_OBJC_IMPLICIT_RETAIN_SELF = YES;
				CLANG_WARN_OBJC_LITERAL_CONVERSION = YES;
				CLANG_WARN_OBJC_ROOT_CLASS = YES_ERROR;
				CLANG_WARN_RANGE_LOOP_ANALYSIS = YES;
				CLANG_WARN_STRICT_PROTOTYPES = YES;
				CLANG_WARN_SUSPICIOUS_MOVE = YES;
				CLANG_WARN_UNGUARDED_AVAILABILITY = YES_AGGRESSIVE;
				CLANG_WARN_UNREACHABLE_CODE = YES;
				CLANG_WARN__DUPLICATE_METHOD_MATCH = YES;
				CODE_SIGN_IDENTITY = "iPhone Developer";
				COPY_PHASE_STRIP = NO;
				DEBUG_INFORMATION_FORMAT = "dwarf-with-dsym";
				ENABLE_NS_ASSERTIONS = NO;
				ENABLE_STRICT_OBJC_MSGSEND = YES;
				GCC_C_LANGUAGE_STANDARD = gnu11;
				GCC_NO_COMMON_BLOCKS = YES;
				GCC_WARN_64_TO_32_BIT_CONVERSION = YES;
				GCC_WARN_ABOUT_RETURN_TYPE = YES_ERROR;
				GCC_WARN_UNDECLARED_SELECTOR = YES;
				GCC_WARN_UNINITIALIZED_AUTOS = YES_AGGRESSIVE;
				GCC_WARN_UNUSED_FUNCTION = YES;
				GCC_WARN_UNUSED_VARIABLE = YES;
				IPHONEOS_DEPLOYMENT_TARGET = 12.1;
				MTL_ENABLE_DEBUG_INFO = NO;
				MTL_FAST_MATH = YES;
				SDKROOT = iphoneos;
				SWIFT_COMPILATION_MODE = wholemodule;
				SWIFT_OPTIMIZATION_LEVEL = "-O";
				VALIDATE_PRODUCT = YES;
			};
			name = Release;
		};
		D6F1DCB72330B16E007248AC /* Debug */ = {
			isa = XCBuildConfiguration;
			buildSettings = {
				ASSETCATALOG_COMPILER_APPICON_NAME = AppIcon;
				CLANG_ENABLE_MODULES = YES;
				CODE_SIGN_ENTITLEMENTS = WifiScanner/WifiScanner.entitlements;
				CODE_SIGN_IDENTITY = "iPhone Developer: Maxim Subbotin (5H66236T35)";
				CODE_SIGN_STYLE = Manual;
				DEVELOPMENT_TEAM = 4QVDV2N2SB;
				INFOPLIST_FILE = WifiScanner/Info.plist;
				IPHONEOS_DEPLOYMENT_TARGET = 10;
				LD_RUNPATH_SEARCH_PATHS = (
					"$(inherited)",
					"@executable_path/Frameworks",
				);
				PRODUCT_BUNDLE_IDENTIFIER = com.maxsubbotin.WifiScanner;
				PRODUCT_NAME = "$(TARGET_NAME)";
				PROVISIONING_PROFILE_SPECIFIER = "WiFi Scanner 2020";
				SWIFT_OBJC_BRIDGING_HEADER = "WifiScanner/ObjC/WifiScanner-Bridging-Header.h";
				SWIFT_OPTIMIZATION_LEVEL = "-Onone";
				SWIFT_VERSION = 4.2;
				TARGETED_DEVICE_FAMILY = "1,2";
			};
			name = Debug;
		};
		D6F1DCB82330B16E007248AC /* Release */ = {
			isa = XCBuildConfiguration;
			buildSettings = {
				ASSETCATALOG_COMPILER_APPICON_NAME = AppIcon;
				CLANG_ENABLE_MODULES = YES;
				CODE_SIGN_ENTITLEMENTS = WifiScanner/WifiScanner.entitlements;
				CODE_SIGN_IDENTITY = "iPhone Developer: Maxim Subbotin (5H66236T35)";
				CODE_SIGN_STYLE = Manual;
				DEVELOPMENT_TEAM = 4QVDV2N2SB;
				INFOPLIST_FILE = WifiScanner/Info.plist;
				IPHONEOS_DEPLOYMENT_TARGET = 10;
				LD_RUNPATH_SEARCH_PATHS = (
					"$(inherited)",
					"@executable_path/Frameworks",
				);
				PRODUCT_BUNDLE_IDENTIFIER = com.maxsubbotin.WifiScanner;
				PRODUCT_NAME = "$(TARGET_NAME)";
				PROVISIONING_PROFILE_SPECIFIER = "WiFi Scanner 2020";
				SWIFT_OBJC_BRIDGING_HEADER = "WifiScanner/ObjC/WifiScanner-Bridging-Header.h";
				SWIFT_VERSION = 4.2;
				TARGETED_DEVICE_FAMILY = "1,2";
			};
			name = Release;
		};
/* End XCBuildConfiguration section */

/* Begin XCConfigurationList section */
		D6F1DC9F2330B16C007248AC /* Build configuration list for PBXProject "WifiScanner" */ = {
			isa = XCConfigurationList;
			buildConfigurations = (
				D6F1DCB42330B16E007248AC /* Debug */,
				D6F1DCB52330B16E007248AC /* Release */,
			);
			defaultConfigurationIsVisible = 0;
			defaultConfigurationName = Release;
		};
		D6F1DCB62330B16E007248AC /* Build configuration list for PBXNativeTarget "WifiScanner" */ = {
			isa = XCConfigurationList;
			buildConfigurations = (
				D6F1DCB72330B16E007248AC /* Debug */,
				D6F1DCB82330B16E007248AC /* Release */,
			);
			defaultConfigurationIsVisible = 0;
			defaultConfigurationName = Release;
		};
/* End XCConfigurationList section */
	};
	rootObject = D6F1DC9C2330B16C007248AC /* Project object */;
}
